
Microsoft Visual Studio Solution File, Format Version 12.00
# Visual Studio Version 17
VisualStudioVersion = 17.3.32929.385
MinimumVisualStudioVersion = 10.0.40219.1
Project("{FAE04EC0-301F-11D3-BF4B-00C04F79EFBC}") = "io_tdd_cl", "io_tdd_cl\io_tdd_cl.csproj", "{337A553C-8A3F-49AB-81F4-A64DE0F150C9}"
EndProject
Project("{FAE04EC0-301F-11D3-BF4B-00C04F79EFBC}") = "io_tdd_testproject", "io_tdd_testproject\io_tdd_testproject.csproj", "{49A898CD-5C2F-4E5D-8D1A-4CE7CD54682A}"
EndProject
Global
	GlobalSection(SolutionConfigurationPlatforms) = preSolution
		Debug|Any CPU = Debug|Any CPU
		Release|Any CPU = Release|Any CPU
	EndGlobalSection
	GlobalSection(ProjectConfigurationPlatforms) = postSolution
		{337A553C-8A3F-49AB-81F4-A64DE0F150C9}.Debug|Any CPU.ActiveCfg = Debug|Any CPU
		{337A553C-8A3F-49AB-81F4-A64DE0F150C9}.Debug|Any CPU.Build.0 = Debug|Any CPU
		{337A553C-8A3F-49AB-81F4-A64DE0F150C9}.Release|Any CPU.ActiveCfg = Release|Any CPU
		{337A553C-8A3F-49AB-81F4-A64DE0F150C9}.Release|Any CPU.Build.0 = Release|Any CPU
		{49A898CD-5C2F-4E5D-8D1A-4CE7CD54682A}.Debug|Any CPU.ActiveCfg = Debug|Any CPU
		{49A898CD-5C2F-4E5D-8D1A-4CE7CD54682A}.Debug|Any CPU.Build.0 = Debug|Any CPU
		{49A898CD-5C2F-4E5D-8D1A-4CE7CD54682A}.Release|Any CPU.ActiveCfg = Release|Any CPU
		{49A898CD-5C2F-4E5D-8D1A-4CE7CD54682A}.Release|Any CPU.Build.0 = Release|Any CPU
	EndGlobalSection
	GlobalSection(SolutionProperties) = preSolution
		HideSolutionNode = FALSE
	EndGlobalSection
	GlobalSection(ExtensibilityGlobals) = postSolution
		SolutionGuid = {5860D2E5-6DCE-4A27-A16C-EE21A7ED0EDE}
	EndGlobalSection
EndGlobal
